
Microsoft Visual Studio Solution File, Format Version 12.00
# Visual Studio Version 17
VisualStudioVersion = 17.2.32526.322
MinimumVisualStudioVersion = 10.0.40219.1
Project("{FAE04EC0-301F-11D3-BF4B-00C04F79EFBC}") = "Number Guessing", "Number Guessing\Number Guessing.csproj", "{3F99FD6D-A9C4-49CF-BDD7-1002C7952636}"
EndProject
Global
	GlobalSection(SolutionConfigurationPlatforms) = preSolution
		Debug|Any CPU = Debug|Any CPU
		Release|Any CPU = Release|Any CPU
	EndGlobalSection
	GlobalSection(ProjectConfigurationPlatforms) = postSolution
		{3F99FD6D-A9C4-49CF-BDD7-1002C7952636}.Debug|Any CPU.ActiveCfg = Debug|Any CPU
		{3F99FD6D-A9C4-49CF-BDD7-1002C7952636}.Debug|Any CPU.Build.0 = Debug|Any CPU
		{3F99FD6D-A9C4-49CF-BDD7-1002C7952636}.Release|Any CPU.ActiveCfg = Release|Any CPU
		{3F99FD6D-A9C4-49CF-BDD7-1002C7952636}.Release|Any CPU.Build.0 = Release|Any CPU
	EndGlobalSection
	GlobalSection(SolutionProperties) = preSolution
		HideSolutionNode = FALSE
	EndGlobalSection
	GlobalSection(ExtensibilityGlobals) = postSolution
		SolutionGuid = {228B8613-DA7E-4AE2-B4E4-D62357804B30}
	EndGlobalSection
EndGlobal
